
Microsoft Visual Studio Solution File, Format Version 12.00
# Visual Studio 15
VisualStudioVersion = 15.0.28307.705
MinimumVisualStudioVersion = 10.0.40219.1
Project("{FAE04EC0-301F-11D3-BF4B-00C04F79EFBC}") = "People.Android", "People\People.Android\People.Android.csproj", "{94927FED-EB8E-4C2A-A0D3-56A3C9249C59}"
EndProject
Project("{FAE04EC0-301F-11D3-BF4B-00C04F79EFBC}") = "People", "People\People\People.csproj", "{42EEDAA3-48EE-4639-BB58-DD98D1518BCF}"
EndProject
Global
	GlobalSection(SolutionConfigurationPlatforms) = preSolution
		Debug|Any CPU = Debug|Any CPU
		Release|Any CPU = Release|Any CPU
	EndGlobalSection
	GlobalSection(ProjectConfigurationPlatforms) = postSolution
		{94927FED-EB8E-4C2A-A0D3-56A3C9249C59}.Debug|Any CPU.ActiveCfg = Debug|Any CPU
		{94927FED-EB8E-4C2A-A0D3-56A3C9249C59}.Debug|Any CPU.Build.0 = Debug|Any CPU
		{94927FED-EB8E-4C2A-A0D3-56A3C9249C59}.Debug|Any CPU.Deploy.0 = Debug|Any CPU
		{94927FED-EB8E-4C2A-A0D3-56A3C9249C59}.Release|Any CPU.ActiveCfg = Release|Any CPU
		{94927FED-EB8E-4C2A-A0D3-56A3C9249C59}.Release|Any CPU.Build.0 = Release|Any CPU
		{94927FED-EB8E-4C2A-A0D3-56A3C9249C59}.Release|Any CPU.Deploy.0 = Release|Any CPU
		{42EEDAA3-48EE-4639-BB58-DD98D1518BCF}.Debug|Any CPU.ActiveCfg = Debug|Any CPU
		{42EEDAA3-48EE-4639-BB58-DD98D1518BCF}.Debug|Any CPU.Build.0 = Debug|Any CPU
		{42EEDAA3-48EE-4639-BB58-DD98D1518BCF}.Debug|Any CPU.Deploy.0 = Debug|Any CPU
		{42EEDAA3-48EE-4639-BB58-DD98D1518BCF}.Release|Any CPU.ActiveCfg = Release|Any CPU
		{42EEDAA3-48EE-4639-BB58-DD98D1518BCF}.Release|Any CPU.Build.0 = Release|Any CPU
		{42EEDAA3-48EE-4639-BB58-DD98D1518BCF}.Release|Any CPU.Deploy.0 = Release|Any CPU
	EndGlobalSection
	GlobalSection(SolutionProperties) = preSolution
		HideSolutionNode = FALSE
	EndGlobalSection
	GlobalSection(ExtensibilityGlobals) = postSolution
		SolutionGuid = {C1B15131-2609-4380-A352-4CF0826723E3}
	EndGlobalSection
EndGlobal
